
Microsoft Visual Studio Solution File, Format Version 12.00
# Visual Studio Version 16
VisualStudioVersion = 16.0.808.0
MinimumVisualStudioVersion = 10.0.40219.1
Project("{FAE04EC0-301F-11D3-BF4B-00C04F79EFBC}") = "Advent2", "Advent2\Advent2.csproj", "{F759D9A6-F97B-4AF1-88AF-F5CE9CF05141}"
EndProject
Project("{FAE04EC0-301F-11D3-BF4B-00C04F79EFBC}") = "Advent2Tests", "Advent2Tests\Advent2Tests.csproj", "{F962D5D3-E943-4CD9-9C6D-E4FB601F1ED2}"
EndProject
Global
	GlobalSection(SolutionConfigurationPlatforms) = preSolution
		Debug|Any CPU = Debug|Any CPU
		Release|Any CPU = Release|Any CPU
	EndGlobalSection
	GlobalSection(ProjectConfigurationPlatforms) = postSolution
		{F759D9A6-F97B-4AF1-88AF-F5CE9CF05141}.Debug|Any CPU.ActiveCfg = Debug|Any CPU
		{F759D9A6-F97B-4AF1-88AF-F5CE9CF05141}.Debug|Any CPU.Build.0 = Debug|Any CPU
		{F759D9A6-F97B-4AF1-88AF-F5CE9CF05141}.Release|Any CPU.ActiveCfg = Release|Any CPU
		{F759D9A6-F97B-4AF1-88AF-F5CE9CF05141}.Release|Any CPU.Build.0 = Release|Any CPU
		{F962D5D3-E943-4CD9-9C6D-E4FB601F1ED2}.Debug|Any CPU.ActiveCfg = Debug|Any CPU
		{F962D5D3-E943-4CD9-9C6D-E4FB601F1ED2}.Debug|Any CPU.Build.0 = Debug|Any CPU
		{F962D5D3-E943-4CD9-9C6D-E4FB601F1ED2}.Release|Any CPU.ActiveCfg = Release|Any CPU
		{F962D5D3-E943-4CD9-9C6D-E4FB601F1ED2}.Release|Any CPU.Build.0 = Release|Any CPU
	EndGlobalSection
	GlobalSection(SolutionProperties) = preSolution
		HideSolutionNode = FALSE
	EndGlobalSection
	GlobalSection(ExtensibilityGlobals) = postSolution
		SolutionGuid = {0C2F691C-37F2-4F29-ACEC-75CBBF9BEB08}
	EndGlobalSection
EndGlobal
